// !$*UTF8*$!
{
	archiveVersion = 1;
	classes = {
	};
	objectVersion = 56;
	objects = {

/* Begin PBXBuildFile section */
		07AB851829BC45C200DCF005 /* AppDelegate.swift in Sources */ = {isa = PBXBuildFile; fileRef = 07AB851729BC45C200DCF005 /* AppDelegate.swift */; };
		07AB851A29BC45C200DCF005 /* SceneDelegate.swift in Sources */ = {isa = PBXBuildFile; fileRef = 07AB851929BC45C200DCF005 /* SceneDelegate.swift */; };
		07AB851C29BC45C200DCF005 /* ViewController.swift in Sources */ = {isa = PBXBuildFile; fileRef = 07AB851B29BC45C200DCF005 /* ViewController.swift */; };
		07AB851F29BC45C200DCF005 /* Main.storyboard in Resources */ = {isa = PBXBuildFile; fileRef = 07AB851D29BC45C200DCF005 /* Main.storyboard */; };
		07AB852129BC45C200DCF005 /* Assets.xcassets in Resources */ = {isa = PBXBuildFile; fileRef = 07AB852029BC45C200DCF005 /* Assets.xcassets */; };
		07AB852429BC45C200DCF005 /* LaunchScreen.storyboard in Resources */ = {isa = PBXBuildFile; fileRef = 07AB852229BC45C200DCF005 /* LaunchScreen.storyboard */; };
		07AB852F29BC45C300DCF005 /* ToDoListAppTests.swift in Sources */ = {isa = PBXBuildFile; fileRef = 07AB852E29BC45C300DCF005 /* ToDoListAppTests.swift */; };
		07AB853929BC45C300DCF005 /* ToDoListAppUITests.swift in Sources */ = {isa = PBXBuildFile; fileRef = 07AB853829BC45C300DCF005 /* ToDoListAppUITests.swift */; };
		07AB853B29BC45C300DCF005 /* ToDoListAppUITestsLaunchTests.swift in Sources */ = {isa = PBXBuildFile; fileRef = 07AB853A29BC45C300DCF005 /* ToDoListAppUITestsLaunchTests.swift */; };
		07AB854B29BC4A4400DCF005 /* ToDoListUI in Frameworks */ = {isa = PBXBuildFile; productRef = 07AB854A29BC4A4400DCF005 /* ToDoListUI */; };
		07AB854E29BC5B3D00DCF005 /* TLCore in Frameworks */ = {isa = PBXBuildFile; productRef = 07AB854D29BC5B3D00DCF005 /* TLCore */; };
/* End PBXBuildFile section */

/* Begin PBXContainerItemProxy section */
		07AB852B29BC45C300DCF005 /* PBXContainerItemProxy */ = {
			isa = PBXContainerItemProxy;
			containerPortal = 07AB850C29BC45C200DCF005 /* Project object */;
			proxyType = 1;
			remoteGlobalIDString = 07AB851329BC45C200DCF005;
			remoteInfo = ToDoListApp;
		};
		07AB853529BC45C300DCF005 /* PBXContainerItemProxy */ = {
			isa = PBXContainerItemProxy;
			containerPortal = 07AB850C29BC45C200DCF005 /* Project object */;
			proxyType = 1;
			remoteGlobalIDString = 07AB851329BC45C200DCF005;
			remoteInfo = ToDoListApp;
		};
/* End PBXContainerItemProxy section */

/* Begin PBXFileReference section */
		07AB851429BC45C200DCF005 /* ToDoListApp.app */ = {isa = PBXFileReference; explicitFileType = wrapper.application; includeInIndex = 0; path = ToDoListApp.app; sourceTree = BUILT_PRODUCTS_DIR; };
		07AB851729BC45C200DCF005 /* AppDelegate.swift */ = {isa = PBXFileReference; lastKnownFileType = sourcecode.swift; path = AppDelegate.swift; sourceTree = "<group>"; };
		07AB851929BC45C200DCF005 /* SceneDelegate.swift */ = {isa = PBXFileReference; lastKnownFileType = sourcecode.swift; path = SceneDelegate.swift; sourceTree = "<group>"; };
		07AB851B29BC45C200DCF005 /* ViewController.swift */ = {isa = PBXFileReference; lastKnownFileType = sourcecode.swift; path = ViewController.swift; sourceTree = "<group>"; };
		07AB851E29BC45C200DCF005 /* Base */ = {isa = PBXFileReference; lastKnownFileType = file.storyboard; name = Base; path = Base.lproj/Main.storyboard; sourceTree = "<group>"; };
		07AB852029BC45C200DCF005 /* Assets.xcassets */ = {isa = PBXFileReference; lastKnownFileType = folder.assetcatalog; path = Assets.xcassets; sourceTree = "<group>"; };
		07AB852329BC45C200DCF005 /* Base */ = {isa = PBXFileReference; lastKnownFileType = file.storyboard; name = Base; path = Base.lproj/LaunchScreen.storyboard; sourceTree = "<group>"; };
		07AB852529BC45C200DCF005 /* Info.plist */ = {isa = PBXFileReference; lastKnownFileType = text.plist.xml; path = Info.plist; sourceTree = "<group>"; };
		07AB852A29BC45C300DCF005 /* ToDoListAppTests.xctest */ = {isa = PBXFileReference; explicitFileType = wrapper.cfbundle; includeInIndex = 0; path = ToDoListAppTests.xctest; sourceTree = BUILT_PRODUCTS_DIR; };
		07AB852E29BC45C300DCF005 /* ToDoListAppTests.swift */ = {isa = PBXFileReference; lastKnownFileType = sourcecode.swift; path = ToDoListAppTests.swift; sourceTree = "<group>"; };
		07AB853429BC45C300DCF005 /* ToDoListAppUITests.xctest */ = {isa = PBXFileReference; explicitFileType = wrapper.cfbundle; includeInIndex = 0; path = ToDoListAppUITests.xctest; sourceTree = BUILT_PRODUCTS_DIR; };
		07AB853829BC45C300DCF005 /* ToDoListAppUITests.swift */ = {isa = PBXFileReference; lastKnownFileType = sourcecode.swift; path = ToDoListAppUITests.swift; sourceTree = "<group>"; };
		07AB853A29BC45C300DCF005 /* ToDoListAppUITestsLaunchTests.swift */ = {isa = PBXFileReference; lastKnownFileType = sourcecode.swift; path = ToDoListAppUITestsLaunchTests.swift; sourceTree = "<group>"; };
		07AB854829BC4A3800DCF005 /* ToDoListUI */ = {isa = PBXFileReference; lastKnownFileType = wrapper; name = ToDoListUI; path = ../ToDoListUI; sourceTree = "<group>"; };
		07AB854C29BC5B1D00DCF005 /* TLCore */ = {isa = PBXFileReference; lastKnownFileType = wrapper; name = TLCore; path = ../TLCore; sourceTree = "<group>"; };
/* End PBXFileReference section */

/* Begin PBXFrameworksBuildPhase section */
		07AB851129BC45C200DCF005 /* Frameworks */ = {
			isa = PBXFrameworksBuildPhase;
			buildActionMask = 2147483647;
			files = (
				07AB854B29BC4A4400DCF005 /* ToDoListUI in Frameworks */,
				07AB854E29BC5B3D00DCF005 /* TLCore in Frameworks */,
			);
			runOnlyForDeploymentPostprocessing = 0;
		};
		07AB852729BC45C300DCF005 /* Frameworks */ = {
			isa = PBXFrameworksBuildPhase;
			buildActionMask = 2147483647;
			files = (
			);
			runOnlyForDeploymentPostprocessing = 0;
		};
		07AB853129BC45C300DCF005 /* Frameworks */ = {
			isa = PBXFrameworksBuildPhase;
			buildActionMask = 2147483647;
			files = (
			);
			runOnlyForDeploymentPostprocessing = 0;
		};
/* End PBXFrameworksBuildPhase section */

/* Begin PBXGroup section */
		07AB850B29BC45C200DCF005 = {
			isa = PBXGroup;
			children = (
				07AB854729BC4A3800DCF005 /* Packages */,
				07AB851629BC45C200DCF005 /* ToDoListApp */,
				07AB852D29BC45C300DCF005 /* ToDoListAppTests */,
				07AB853729BC45C300DCF005 /* ToDoListAppUITests */,
				07AB851529BC45C200DCF005 /* Products */,
				07AB854929BC4A4400DCF005 /* Frameworks */,
			);
			sourceTree = "<group>";
		};
		07AB851529BC45C200DCF005 /* Products */ = {
			isa = PBXGroup;
			children = (
				07AB851429BC45C200DCF005 /* ToDoListApp.app */,
				07AB852A29BC45C300DCF005 /* ToDoListAppTests.xctest */,
				07AB853429BC45C300DCF005 /* ToDoListAppUITests.xctest */,
			);
			name = Products;
			sourceTree = "<group>";
		};
		07AB851629BC45C200DCF005 /* ToDoListApp */ = {
			isa = PBXGroup;
			children = (
				07AB851729BC45C200DCF005 /* AppDelegate.swift */,
				07AB851929BC45C200DCF005 /* SceneDelegate.swift */,
				07AB851B29BC45C200DCF005 /* ViewController.swift */,
				07AB851D29BC45C200DCF005 /* Main.storyboard */,
				07AB852029BC45C200DCF005 /* Assets.xcassets */,
				07AB852229BC45C200DCF005 /* LaunchScreen.storyboard */,
				07AB852529BC45C200DCF005 /* Info.plist */,
			);
			path = ToDoListApp;
			sourceTree = "<group>";
		};
		07AB852D29BC45C300DCF005 /* ToDoListAppTests */ = {
			isa = PBXGroup;
			children = (
				07AB852E29BC45C300DCF005 /* ToDoListAppTests.swift */,
			);
			path = ToDoListAppTests;
			sourceTree = "<group>";
		};
		07AB853729BC45C300DCF005 /* ToDoListAppUITests */ = {
			isa = PBXGroup;
			children = (
				07AB853829BC45C300DCF005 /* ToDoListAppUITests.swift */,
				07AB853A29BC45C300DCF005 /* ToDoListAppUITestsLaunchTests.swift */,
			);
			path = ToDoListAppUITests;
			sourceTree = "<group>";
		};
		07AB854729BC4A3800DCF005 /* Packages */ = {
			isa = PBXGroup;
			children = (
				07AB854829BC4A3800DCF005 /* ToDoListUI */,
				07AB854C29BC5B1D00DCF005 /* TLCore */,
			);
			name = Packages;
			sourceTree = "<group>";
		};
		07AB854929BC4A4400DCF005 /* Frameworks */ = {
			isa = PBXGroup;
			children = (
			);
			name = Frameworks;
			sourceTree = "<group>";
		};
/* End PBXGroup section */

/* Begin PBXNativeTarget section */
		07AB851329BC45C200DCF005 /* ToDoListApp */ = {
			isa = PBXNativeTarget;
			buildConfigurationList = 07AB853E29BC45C300DCF005 /* Build configuration list for PBXNativeTarget "ToDoListApp" */;
			buildPhases = (
				07AB851029BC45C200DCF005 /* Sources */,
				07AB851129BC45C200DCF005 /* Frameworks */,
				07AB851229BC45C200DCF005 /* Resources */,
			);
			buildRules = (
			);
			dependencies = (
			);
			name = ToDoListApp;
			packageProductDependencies = (
				07AB854A29BC4A4400DCF005 /* ToDoListUI */,
				07AB854D29BC5B3D00DCF005 /* TLCore */,
			);
			productName = ToDoListApp;
			productReference = 07AB851429BC45C200DCF005 /* ToDoListApp.app */;
			productType = "com.apple.product-type.application";
		};
		07AB852929BC45C300DCF005 /* ToDoListAppTests */ = {
			isa = PBXNativeTarget;
			buildConfigurationList = 07AB854129BC45C300DCF005 /* Build configuration list for PBXNativeTarget "ToDoListAppTests" */;
			buildPhases = (
				07AB852629BC45C300DCF005 /* Sources */,
				07AB852729BC45C300DCF005 /* Frameworks */,
				07AB852829BC45C300DCF005 /* Resources */,
			);
			buildRules = (
			);
			dependencies = (
				07AB852C29BC45C300DCF005 /* PBXTargetDependency */,
			);
			name = ToDoListAppTests;
			productName = ToDoListAppTests;
			productReference = 07AB852A29BC45C300DCF005 /* ToDoListAppTests.xctest */;
			productType = "com.apple.product-type.bundle.unit-test";
		};
		07AB853329BC45C300DCF005 /* ToDoListAppUITests */ = {
			isa = PBXNativeTarget;
			buildConfigurationList = 07AB854429BC45C300DCF005 /* Build configuration list for PBXNativeTarget "ToDoListAppUITests" */;
			buildPhases = (
				07AB853029BC45C300DCF005 /* Sources */,
				07AB853129BC45C300DCF005 /* Frameworks */,
				07AB853229BC45C300DCF005 /* Resources */,
			);
			buildRules = (
			);
			dependencies = (
				07AB853629BC45C300DCF005 /* PBXTargetDependency */,
			);
			name = ToDoListAppUITests;
			productName = ToDoListAppUITests;
			productReference = 07AB853429BC45C300DCF005 /* ToDoListAppUITests.xctest */;
			productType = "com.apple.product-type.bundle.ui-testing";
		};
/* End PBXNativeTarget section */

/* Begin PBXProject section */
		07AB850C29BC45C200DCF005 /* Project object */ = {
			isa = PBXProject;
			attributes = {
				BuildIndependentTargetsInParallel = 1;
				LastSwiftUpdateCheck = 1410;
				LastUpgradeCheck = 1410;
				TargetAttributes = {
					07AB851329BC45C200DCF005 = {
						CreatedOnToolsVersion = 14.1;
					};
					07AB852929BC45C300DCF005 = {
						CreatedOnToolsVersion = 14.1;
						TestTargetID = 07AB851329BC45C200DCF005;
					};
					07AB853329BC45C300DCF005 = {
						CreatedOnToolsVersion = 14.1;
						TestTargetID = 07AB851329BC45C200DCF005;
					};
				};
			};
			buildConfigurationList = 07AB850F29BC45C200DCF005 /* Build configuration list for PBXProject "ToDoListApp" */;
			compatibilityVersion = "Xcode 14.0";
			developmentRegion = en;
			hasScannedForEncodings = 0;
			knownRegions = (
				en,
				Base,
			);
			mainGroup = 07AB850B29BC45C200DCF005;
			productRefGroup = 07AB851529BC45C200DCF005 /* Products */;
			projectDirPath = "";
			projectRoot = "";
			targets = (
				07AB851329BC45C200DCF005 /* ToDoListApp */,
				07AB852929BC45C300DCF005 /* ToDoListAppTests */,
				07AB853329BC45C300DCF005 /* ToDoListAppUITests */,
			);
		};
/* End PBXProject section */

/* Begin PBXResourcesBuildPhase section */
		07AB851229BC45C200DCF005 /* Resources */ = {
			isa = PBXResourcesBuildPhase;
			buildActionMask = 2147483647;
			files = (
				07AB852429BC45C200DCF005 /* LaunchScreen.storyboard in Resources */,
				07AB852129BC45C200DCF005 /* Assets.xcassets in Resources */,
				07AB851F29BC45C200DCF005 /* Main.storyboard in Resources */,
			);
			runOnlyForDeploymentPostprocessing = 0;
		};
		07AB852829BC45C300DCF005 /* Resources */ = {
			isa = PBXResourcesBuildPhase;
			buildActionMask = 2147483647;
			files = (
			);
			runOnlyForDeploymentPostprocessing = 0;
		};
		07AB853229BC45C300DCF005 /* Resources */ = {
			isa = PBXResourcesBuildPhase;
			buildActionMask = 2147483647;
			files = (
			);
			runOnlyForDeploymentPostprocessing = 0;
		};
/* End PBXResourcesBuildPhase section */

/* Begin PBXSourcesBuildPhase section */
		07AB851029BC45C200DCF005 /* Sources */ = {
			isa = PBXSourcesBuildPhase;
			buildActionMask = 2147483647;
			files = (
				07AB851C29BC45C200DCF005 /* ViewController.swift in Sources */,
				07AB851829BC45C200DCF005 /* AppDelegate.swift in Sources */,
				07AB851A29BC45C200DCF005 /* SceneDelegate.swift in Sources */,
			);
			runOnlyForDeploymentPostprocessing = 0;
		};
		07AB852629BC45C300DCF005 /* Sources */ = {
			isa = PBXSourcesBuildPhase;
			buildActionMask = 2147483647;
			files = (
				07AB852F29BC45C300DCF005 /* ToDoListAppTests.swift in Sources */,
			);
			runOnlyForDeploymentPostprocessing = 0;
		};
		07AB853029BC45C300DCF005 /* Sources */ = {
			isa = PBXSourcesBuildPhase;
			buildActionMask = 2147483647;
			files = (
				07AB853B29BC45C300DCF005 /* ToDoListAppUITestsLaunchTests.swift in Sources */,
				07AB853929BC45C300DCF005 /* ToDoListAppUITests.swift in Sources */,
			);
			runOnlyForDeploymentPostprocessing = 0;
		};
/* End PBXSourcesBuildPhase section */

/* Begin PBXTargetDependency section */
		07AB852C29BC45C300DCF005 /* PBXTargetDependency */ = {
			isa = PBXTargetDependency;
			target = 07AB851329BC45C200DCF005 /* ToDoListApp */;
			targetProxy = 07AB852B29BC45C300DCF005 /* PBXContainerItemProxy */;
		};
		07AB853629BC45C300DCF005 /* PBXTargetDependency */ = {
			isa = PBXTargetDependency;
			target = 07AB851329BC45C200DCF005 /* ToDoListApp */;
			targetProxy = 07AB853529BC45C300DCF005 /* PBXContainerItemProxy */;
		};
/* End PBXTargetDependency section */

/* Begin PBXVariantGroup section */
		07AB851D29BC45C200DCF005 /* Main.storyboard */ = {
			isa = PBXVariantGroup;
			children = (
				07AB851E29BC45C200DCF005 /* Base */,
			);
			name = Main.storyboard;
			sourceTree = "<group>";
		};
		07AB852229BC45C200DCF005 /* LaunchScreen.storyboard */ = {
			isa = PBXVariantGroup;
			children = (
				07AB852329BC45C200DCF005 /* Base */,
			);
			name = LaunchScreen.storyboard;
			sourceTree = "<group>";
		};
/* End PBXVariantGroup section */

/* Begin XCBuildConfiguration section */
		07AB853C29BC45C300DCF005 /* Debug */ = {
			isa = XCBuildConfiguration;
			buildSettings = {
				ALWAYS_SEARCH_USER_PATHS = NO;
				CLANG_ANALYZER_NONNULL = YES;
				CLANG_ANALYZER_NUMBER_OBJECT_CONVERSION = YES_AGGRESSIVE;
				CLANG_CXX_LANGUAGE_STANDARD = "gnu++20";
				CLANG_ENABLE_MODULES = YES;
				CLANG_ENABLE_OBJC_ARC = YES;
				CLANG_ENABLE_OBJC_WEAK = YES;
				CLANG_WARN_BLOCK_CAPTURE_AUTORELEASING = YES;
				CLANG_WARN_BOOL_CONVERSION = YES;
				CLANG_WARN_COMMA = YES;
				CLANG_WARN_CONSTANT_CONVERSION = YES;
				CLANG_WARN_DEPRECATED_OBJC_IMPLEMENTATIONS = YES;
				CLANG_WARN_DIRECT_OBJC_ISA_USAGE = YES_ERROR;
				CLANG_WARN_DOCUMENTATION_COMMENTS = YES;
				CLANG_WARN_EMPTY_BODY = YES;
				CLANG_WARN_ENUM_CONVERSION = YES;
				CLANG_WARN_INFINITE_RECURSION = YES;
				CLANG_WARN_INT_CONVERSION = YES;
				CLANG_WARN_NON_LITERAL_NULL_CONVERSION = YES;
				CLANG_WARN_OBJC_IMPLICIT_RETAIN_SELF = YES;
				CLANG_WARN_OBJC_LITERAL_CONVERSION = YES;
				CLANG_WARN_OBJC_ROOT_CLASS = YES_ERROR;
				CLANG_WARN_QUOTED_INCLUDE_IN_FRAMEWORK_HEADER = YES;
				CLANG_WARN_RANGE_LOOP_ANALYSIS = YES;
				CLANG_WARN_STRICT_PROTOTYPES = YES;
				CLANG_WARN_SUSPICIOUS_MOVE = YES;
				CLANG_WARN_UNGUARDED_AVAILABILITY = YES_AGGRESSIVE;
				CLANG_WARN_UNREACHABLE_CODE = YES;
				CLANG_WARN__DUPLICATE_METHOD_MATCH = YES;
				COPY_PHASE_STRIP = NO;
				DEBUG_INFORMATION_FORMAT = dwarf;
				ENABLE_STRICT_OBJC_MSGSEND = YES;
				ENABLE_TESTABILITY = YES;
				GCC_C_LANGUAGE_STANDARD = gnu11;
				GCC_DYNAMIC_NO_PIC = NO;
				GCC_NO_COMMON_BLOCKS = YES;
				GCC_OPTIMIZATION_LEVEL = 0;
				GCC_PREPROCESSOR_DEFINITIONS = (
					"DEBUG=1",
					"$(inherited)",
				);
				GCC_WARN_64_TO_32_BIT_CONVERSION = YES;
				GCC_WARN_ABOUT_RETURN_TYPE = YES_ERROR;
				GCC_WARN_UNDECLARED_SELECTOR = YES;
				GCC_WARN_UNINITIALIZED_AUTOS = YES_AGGRESSIVE;
				GCC_WARN_UNUSED_FUNCTION = YES;
				GCC_WARN_UNUSED_VARIABLE = YES;
				IPHONEOS_DEPLOYMENT_TARGET = 16.1;
				MTL_ENABLE_DEBUG_INFO = INCLUDE_SOURCE;
				MTL_FAST_MATH = YES;
				ONLY_ACTIVE_ARCH = YES;
				SDKROOT = iphoneos;
				SWIFT_ACTIVE_COMPILATION_CONDITIONS = DEBUG;
				SWIFT_OPTIMIZATION_LEVEL = "-Onone";
			};
			name = Debug;
		};
		07AB853D29BC45C300DCF005 /* Release */ = {
			isa = XCBuildConfiguration;
			buildSettings = {
				ALWAYS_SEARCH_USER_PATHS = NO;
				CLANG_ANALYZER_NONNULL = YES;
				CLANG_ANALYZER_NUMBER_OBJECT_CONVERSION = YES_AGGRESSIVE;
				CLANG_CXX_LANGUAGE_STANDARD = "gnu++20";
				CLANG_ENABLE_MODULES = YES;
				CLANG_ENABLE_OBJC_ARC = YES;
				CLANG_ENABLE_OBJC_WEAK = YES;
				CLANG_WARN_BLOCK_CAPTURE_AUTORELEASING = YES;
				CLANG_WARN_BOOL_CONVERSION = YES;
				CLANG_WARN_COMMA = YES;
				CLANG_WARN_CONSTANT_CONVERSION = YES;
				CLANG_WARN_DEPRECATED_OBJC_IMPLEMENTATIONS = YES;
				CLANG_WARN_DIRECT_OBJC_ISA_USAGE = YES_ERROR;
				CLANG_WARN_DOCUMENTATION_COMMENTS = YES;
				CLANG_WARN_EMPTY_BODY = YES;
				CLANG_WARN_ENUM_CONVERSION = YES;
				CLANG_WARN_INFINITE_RECURSION = YES;
				CLANG_WARN_INT_CONVERSION = YES;
				CLANG_WARN_NON_LITERAL_NULL_CONVERSION = YES;
				CLANG_WARN_OBJC_IMPLICIT_RETAIN_SELF = YES;
				CLANG_WARN_OBJC_LITERAL_CONVERSION = YES;
				CLANG_WARN_OBJC_ROOT_CLASS = YES_ERROR;
				CLANG_WARN_QUOTED_INCLUDE_IN_FRAMEWORK_HEADER = YES;
				CLANG_WARN_RANGE_LOOP_ANALYSIS = YES;
				CLANG_WARN_STRICT_PROTOTYPES = YES;
				CLANG_WARN_SUSPICIOUS_MOVE = YES;
				CLANG_WARN_UNGUARDED_AVAILABILITY = YES_AGGRESSIVE;
				CLANG_WARN_UNREACHABLE_CODE = YES;
				CLANG_WARN__DUPLICATE_METHOD_MATCH = YES;
				COPY_PHASE_STRIP = NO;
				DEBUG_INFORMATION_FORMAT = "dwarf-with-dsym";
				ENABLE_NS_ASSERTIONS = NO;
				ENABLE_STRICT_OBJC_MSGSEND = YES;
				GCC_C_LANGUAGE_STANDARD = gnu11;
				GCC_NO_COMMON_BLOCKS = YES;
				GCC_WARN_64_TO_32_BIT_CONVERSION = YES;
				GCC_WARN_ABOUT_RETURN_TYPE = YES_ERROR;
				GCC_WARN_UNDECLARED_SELECTOR = YES;
				GCC_WARN_UNINITIALIZED_AUTOS = YES_AGGRESSIVE;
				GCC_WARN_UNUSED_FUNCTION = YES;
				GCC_WARN_UNUSED_VARIABLE = YES;
				IPHONEOS_DEPLOYMENT_TARGET = 16.1;
				MTL_ENABLE_DEBUG_INFO = NO;
				MTL_FAST_MATH = YES;
				SDKROOT = iphoneos;
				SWIFT_COMPILATION_MODE = wholemodule;
				SWIFT_OPTIMIZATION_LEVEL = "-O";
				VALIDATE_PRODUCT = YES;
			};
			name = Release;
		};
		07AB853F29BC45C300DCF005 /* Debug */ = {
			isa = XCBuildConfiguration;
			buildSettings = {
				ASSETCATALOG_COMPILER_APPICON_NAME = AppIcon;
				ASSETCATALOG_COMPILER_GLOBAL_ACCENT_COLOR_NAME = AccentColor;
				CODE_SIGN_STYLE = Automatic;
				CURRENT_PROJECT_VERSION = 1;
				GENERATE_INFOPLIST_FILE = YES;
				INFOPLIST_FILE = ToDoListApp/Info.plist;
				INFOPLIST_KEY_UIApplicationSupportsIndirectInputEvents = YES;
				INFOPLIST_KEY_UILaunchStoryboardName = LaunchScreen;
				INFOPLIST_KEY_UIMainStoryboardFile = Main;
				INFOPLIST_KEY_UISupportedInterfaceOrientations_iPad = "UIInterfaceOrientationPortrait UIInterfaceOrientationPortraitUpsideDown UIInterfaceOrientationLandscapeLeft UIInterfaceOrientationLandscapeRight";
				INFOPLIST_KEY_UISupportedInterfaceOrientations_iPhone = "UIInterfaceOrientationPortrait UIInterfaceOrientationLandscapeLeft UIInterfaceOrientationLandscapeRight";
				LD_RUNPATH_SEARCH_PATHS = (
					"$(inherited)",
					"@executable_path/Frameworks",
				);
				MARKETING_VERSION = 1.0;
				PRODUCT_BUNDLE_IDENTIFIER = com.SnoopyStudy.ToDoListApp;
				PRODUCT_NAME = "$(TARGET_NAME)";
				SWIFT_EMIT_LOC_STRINGS = YES;
				SWIFT_VERSION = 5.0;
				TARGETED_DEVICE_FAMILY = "1,2";
			};
			name = Debug;
		};
		07AB854029BC45C300DCF005 /* Release */ = {
			isa = XCBuildConfiguration;
			buildSettings = {
				ASSETCATALOG_COMPILER_APPICON_NAME = AppIcon;
				ASSETCATALOG_COMPILER_GLOBAL_ACCENT_COLOR_NAME = AccentColor;
				CODE_SIGN_STYLE = Automatic;
				CURRENT_PROJECT_VERSION = 1;
				GENERATE_INFOPLIST_FILE = YES;
				INFOPLIST_FILE = ToDoListApp/Info.plist;
				INFOPLIST_KEY_UIApplicationSupportsIndirectInputEvents = YES;
				INFOPLIST_KEY_UILaunchStoryboardName = LaunchScreen;
				INFOPLIST_KEY_UIMainStoryboardFile = Main;
				INFOPLIST_KEY_UISupportedInterfaceOrientations_iPad = "UIInterfaceOrientationPortrait UIInterfaceOrientationPortraitUpsideDown UIInterfaceOrientationLandscapeLeft UIInterfaceOrientationLandscapeRight";
				INFOPLIST_KEY_UISupportedInterfaceOrientations_iPhone = "UIInterfaceOrientationPortrait UIInterfaceOrientationLandscapeLeft UIInterfaceOrientationLandscapeRight";
				LD_RUNPATH_SEARCH_PATHS = (
					"$(inherited)",
					"@executable_path/Frameworks",
				);
				MARKETING_VERSION = 1.0;
				PRODUCT_BUNDLE_IDENTIFIER = com.SnoopyStudy.ToDoListApp;
				PRODUCT_NAME = "$(TARGET_NAME)";
				SWIFT_EMIT_LOC_STRINGS = YES;
				SWIFT_VERSION = 5.0;
				TARGETED_DEVICE_FAMILY = "1,2";
			};
			name = Release;
		};
		07AB854229BC45C300DCF005 /* Debug */ = {
			isa = XCBuildConfiguration;
			buildSettings = {
				ALWAYS_EMBED_SWIFT_STANDARD_LIBRARIES = YES;
				BUNDLE_LOADER = "$(TEST_HOST)";
				CODE_SIGN_STYLE = Automatic;
				CURRENT_PROJECT_VERSION = 1;
				GENERATE_INFOPLIST_FILE = YES;
				IPHONEOS_DEPLOYMENT_TARGET = 16.1;
				MARKETING_VERSION = 1.0;
				PRODUCT_BUNDLE_IDENTIFIER = com.SnoopyStudy.ToDoListAppTests;
				PRODUCT_NAME = "$(TARGET_NAME)";
				SWIFT_EMIT_LOC_STRINGS = NO;
				SWIFT_VERSION = 5.0;
				TARGETED_DEVICE_FAMILY = "1,2";
				TEST_HOST = "$(BUILT_PRODUCTS_DIR)/ToDoListApp.app/$(BUNDLE_EXECUTABLE_FOLDER_PATH)/ToDoListApp";
			};
			name = Debug;
		};
		07AB854329BC45C300DCF005 /* Release */ = {
			isa = XCBuildConfiguration;
			buildSettings = {
				ALWAYS_EMBED_SWIFT_STANDARD_LIBRARIES = YES;
				BUNDLE_LOADER = "$(TEST_HOST)";
				CODE_SIGN_STYLE = Automatic;
				CURRENT_PROJECT_VERSION = 1;
				GENERATE_INFOPLIST_FILE = YES;
				IPHONEOS_DEPLOYMENT_TARGET = 16.1;
				MARKETING_VERSION = 1.0;
				PRODUCT_BUNDLE_IDENTIFIER = com.SnoopyStudy.ToDoListAppTests;
				PRODUCT_NAME = "$(TARGET_NAME)";
				SWIFT_EMIT_LOC_STRINGS = NO;
				SWIFT_VERSION = 5.0;
				TARGETED_DEVICE_FAMILY = "1,2";
				TEST_HOST = "$(BUILT_PRODUCTS_DIR)/ToDoListApp.app/$(BUNDLE_EXECUTABLE_FOLDER_PATH)/ToDoListApp";
			};
			name = Release;
		};
		07AB854529BC45C300DCF005 /* Debug */ = {
			isa = XCBuildConfiguration;
			buildSettings = {
				ALWAYS_EMBED_SWIFT_STANDARD_LIBRARIES = YES;
				CODE_SIGN_STYLE = Automatic;
				CURRENT_PROJECT_VERSION = 1;
				GENERATE_INFOPLIST_FILE = YES;
				MARKETING_VERSION = 1.0;
				PRODUCT_BUNDLE_IDENTIFIER = com.SnoopyStudy.ToDoListAppUITests;
				PRODUCT_NAME = "$(TARGET_NAME)";
				SWIFT_EMIT_LOC_STRINGS = NO;
				SWIFT_VERSION = 5.0;
				TARGETED_DEVICE_FAMILY = "1,2";
				TEST_TARGET_NAME = ToDoListApp;
			};
			name = Debug;
		};
		07AB854629BC45C300DCF005 /* Release */ = {
			isa = XCBuildConfiguration;
			buildSettings = {
				ALWAYS_EMBED_SWIFT_STANDARD_LIBRARIES = YES;
				CODE_SIGN_STYLE = Automatic;
				CURRENT_PROJECT_VERSION = 1;
				GENERATE_INFOPLIST_FILE = YES;
				MARKETING_VERSION = 1.0;
				PRODUCT_BUNDLE_IDENTIFIER = com.SnoopyStudy.ToDoListAppUITests;
				PRODUCT_NAME = "$(TARGET_NAME)";
				SWIFT_EMIT_LOC_STRINGS = NO;
				SWIFT_VERSION = 5.0;
				TARGETED_DEVICE_FAMILY = "1,2";
				TEST_TARGET_NAME = ToDoListApp;
			};
			name = Release;
		};
/* End XCBuildConfiguration section */

/* Begin XCConfigurationList section */
		07AB850F29BC45C200DCF005 /* Build configuration list for PBXProject "ToDoListApp" */ = {
			isa = XCConfigurationList;
			buildConfigurations = (
				07AB853C29BC45C300DCF005 /* Debug */,
				07AB853D29BC45C300DCF005 /* Release */,
			);
			defaultConfigurationIsVisible = 0;
			defaultConfigurationName = Release;
		};
		07AB853E29BC45C300DCF005 /* Build configuration list for PBXNativeTarget "ToDoListApp" */ = {
			isa = XCConfigurationList;
			buildConfigurations = (
				07AB853F29BC45C300DCF005 /* Debug */,
				07AB854029BC45C300DCF005 /* Release */,
			);
			defaultConfigurationIsVisible = 0;
			defaultConfigurationName = Release;
		};
		07AB854129BC45C300DCF005 /* Build configuration list for PBXNativeTarget "ToDoListAppTests" */ = {
			isa = XCConfigurationList;
			buildConfigurations = (
				07AB854229BC45C300DCF005 /* Debug */,
				07AB854329BC45C300DCF005 /* Release */,
			);
			defaultConfigurationIsVisible = 0;
			defaultConfigurationName = Release;
		};
		07AB854429BC45C300DCF005 /* Build configuration list for PBXNativeTarget "ToDoListAppUITests" */ = {
			isa = XCConfigurationList;
			buildConfigurations = (
				07AB854529BC45C300DCF005 /* Debug */,
				07AB854629BC45C300DCF005 /* Release */,
			);
			defaultConfigurationIsVisible = 0;
			defaultConfigurationName = Release;
		};
/* End XCConfigurationList section */

/* Begin XCSwiftPackageProductDependency section */
		07AB854A29BC4A4400DCF005 /* ToDoListUI */ = {
			isa = XCSwiftPackageProductDependency;
			productName = ToDoListUI;
		};
		07AB854D29BC5B3D00DCF005 /* TLCore */ = {
			isa = XCSwiftPackageProductDependency;
			productName = TLCore;
		};
/* End XCSwiftPackageProductDependency section */
	};
	rootObject = 07AB850C29BC45C200DCF005 /* Project object */;
}
